
Microsoft Visual Studio Solution File, Format Version 12.00
# Visual Studio Version 17
VisualStudioVersion = 17.3.32825.248
MinimumVisualStudioVersion = 10.0.40219.1
Project("{FAE04EC0-301F-11D3-BF4B-00C04F79EFBC}") = "MuSe.Common", "MuSe.Common\MuSe.Common.csproj", "{3B1A236B-071D-4488-B863-12B8BE0EA9EE}"
EndProject
Project("{FAE04EC0-301F-11D3-BF4B-00C04F79EFBC}") = "MuSe.Web", "MuSe.Web\MuSe.Web.csproj", "{2ECB43EF-3418-42EC-960E-0E6BD2FAADEA}"
EndProject
Project("{FAE04EC0-301F-11D3-BF4B-00C04F79EFBC}") = "Muse.Prism", "Muse.Prism\Muse.Prism\Muse.Prism.csproj", "{F1F7445E-315A-422D-8162-F234F9B4EEC5}"
EndProject
Project("{FAE04EC0-301F-11D3-BF4B-00C04F79EFBC}") = "Muse.Prism.Android", "Muse.Prism\Muse.Prism.Android\Muse.Prism.Android.csproj", "{BCC49094-19C4-4D76-9C3E-D683E022338E}"
EndProject
Project("{FAE04EC0-301F-11D3-BF4B-00C04F79EFBC}") = "Muse.Prism.iOS", "Muse.Prism\Muse.Prism.iOS\Muse.Prism.iOS.csproj", "{90D82FF7-0651-46F8-A982-5A07FD2050D7}"
EndProject
Global
	GlobalSection(SolutionConfigurationPlatforms) = preSolution
		Ad-Hoc|Any CPU = Ad-Hoc|Any CPU
		Ad-Hoc|iPhone = Ad-Hoc|iPhone
		Ad-Hoc|iPhoneSimulator = Ad-Hoc|iPhoneSimulator
		AppStore|Any CPU = AppStore|Any CPU
		AppStore|iPhone = AppStore|iPhone
		AppStore|iPhoneSimulator = AppStore|iPhoneSimulator
		Debug|Any CPU = Debug|Any CPU
		Debug|iPhone = Debug|iPhone
		Debug|iPhoneSimulator = Debug|iPhoneSimulator
		Release|Any CPU = Release|Any CPU
		Release|iPhone = Release|iPhone
		Release|iPhoneSimulator = Release|iPhoneSimulator
	EndGlobalSection
	GlobalSection(ProjectConfigurationPlatforms) = postSolution
		{3B1A236B-071D-4488-B863-12B8BE0EA9EE}.Ad-Hoc|Any CPU.ActiveCfg = Debug|Any CPU
		{3B1A236B-071D-4488-B863-12B8BE0EA9EE}.Ad-Hoc|Any CPU.Build.0 = Debug|Any CPU
		{3B1A236B-071D-4488-B863-12B8BE0EA9EE}.Ad-Hoc|iPhone.ActiveCfg = Debug|Any CPU
		{3B1A236B-071D-4488-B863-12B8BE0EA9EE}.Ad-Hoc|iPhone.Build.0 = Debug|Any CPU
		{3B1A236B-071D-4488-B863-12B8BE0EA9EE}.Ad-Hoc|iPhoneSimulator.ActiveCfg = Debug|Any CPU
		{3B1A236B-071D-4488-B863-12B8BE0EA9EE}.Ad-Hoc|iPhoneSimulator.Build.0 = Debug|Any CPU
		{3B1A236B-071D-4488-B863-12B8BE0EA9EE}.AppStore|Any CPU.ActiveCfg = Debug|Any CPU
		{3B1A236B-071D-4488-B863-12B8BE0EA9EE}.AppStore|Any CPU.Build.0 = Debug|Any CPU
		{3B1A236B-071D-4488-B863-12B8BE0EA9EE}.AppStore|iPhone.ActiveCfg = Debug|Any CPU
		{3B1A236B-071D-4488-B863-12B8BE0EA9EE}.AppStore|iPhone.Build.0 = Debug|Any CPU
		{3B1A236B-071D-4488-B863-12B8BE0EA9EE}.AppStore|iPhoneSimulator.ActiveCfg = Debug|Any CPU
		{3B1A236B-071D-4488-B863-12B8BE0EA9EE}.AppStore|iPhoneSimulator.Build.0 = Debug|Any CPU
		{3B1A236B-071D-4488-B863-12B8BE0EA9EE}.Debug|Any CPU.ActiveCfg = Debug|Any CPU
		{3B1A236B-071D-4488-B863-12B8BE0EA9EE}.Debug|Any CPU.Build.0 = Debug|Any CPU
		{3B1A236B-071D-4488-B863-12B8BE0EA9EE}.Debug|iPhone.ActiveCfg = Debug|Any CPU
		{3B1A236B-071D-4488-B863-12B8BE0EA9EE}.Debug|iPhone.Build.0 = Debug|Any CPU
		{3B1A236B-071D-4488-B863-12B8BE0EA9EE}.Debug|iPhoneSimulator.ActiveCfg = Debug|Any CPU
		{3B1A236B-071D-4488-B863-12B8BE0EA9EE}.Debug|iPhoneSimulator.Build.0 = Debug|Any CPU
		{3B1A236B-071D-4488-B863-12B8BE0EA9EE}.Release|Any CPU.ActiveCfg = Release|Any CPU
		{3B1A236B-071D-4488-B863-12B8BE0EA9EE}.Release|Any CPU.Build.0 = Release|Any CPU
		{3B1A236B-071D-4488-B863-12B8BE0EA9EE}.Release|iPhone.ActiveCfg = Release|Any CPU
		{3B1A236B-071D-4488-B863-12B8BE0EA9EE}.Release|iPhone.Build.0 = Release|Any CPU
		{3B1A236B-071D-4488-B863-12B8BE0EA9EE}.Release|iPhoneSimulator.ActiveCfg = Release|Any CPU
		{3B1A236B-071D-4488-B863-12B8BE0EA9EE}.Release|iPhoneSimulator.Build.0 = Release|Any CPU
		{2ECB43EF-3418-42EC-960E-0E6BD2FAADEA}.Ad-Hoc|Any CPU.ActiveCfg = Debug|Any CPU
		{2ECB43EF-3418-42EC-960E-0E6BD2FAADEA}.Ad-Hoc|Any CPU.Build.0 = Debug|Any CPU
		{2ECB43EF-3418-42EC-960E-0E6BD2FAADEA}.Ad-Hoc|iPhone.ActiveCfg = Debug|Any CPU
		{2ECB43EF-3418-42EC-960E-0E6BD2FAADEA}.Ad-Hoc|iPhone.Build.0 = Debug|Any CPU
		{2ECB43EF-3418-42EC-960E-0E6BD2FAADEA}.Ad-Hoc|iPhoneSimulator.ActiveCfg = Debug|Any CPU
		{2ECB43EF-3418-42EC-960E-0E6BD2FAADEA}.Ad-Hoc|iPhoneSimulator.Build.0 = Debug|Any CPU
		{2ECB43EF-3418-42EC-960E-0E6BD2FAADEA}.AppStore|Any CPU.ActiveCfg = Debug|Any CPU
		{2ECB43EF-3418-42EC-960E-0E6BD2FAADEA}.AppStore|Any CPU.Build.0 = Debug|Any CPU
		{2ECB43EF-3418-42EC-960E-0E6BD2FAADEA}.AppStore|iPhone.ActiveCfg = Debug|Any CPU
		{2ECB43EF-3418-42EC-960E-0E6BD2FAADEA}.AppStore|iPhone.Build.0 = Debug|Any CPU
		{2ECB43EF-3418-42EC-960E-0E6BD2FAADEA}.AppStore|iPhoneSimulator.ActiveCfg = Debug|Any CPU
		{2ECB43EF-3418-42EC-960E-0E6BD2FAADEA}.AppStore|iPhoneSimulator.Build.0 = Debug|Any CPU
		{2ECB43EF-3418-42EC-960E-0E6BD2FAADEA}.Debug|Any CPU.ActiveCfg = Debug|Any CPU
		{2ECB43EF-3418-42EC-960E-0E6BD2FAADEA}.Debug|Any CPU.Build.0 = Debug|Any CPU
		{2ECB43EF-3418-42EC-960E-0E6BD2FAADEA}.Debug|iPhone.ActiveCfg = Debug|Any CPU
		{2ECB43EF-3418-42EC-960E-0E6BD2FAADEA}.Debug|iPhone.Build.0 = Debug|Any CPU
		{2ECB43EF-3418-42EC-960E-0E6BD2FAADEA}.Debug|iPhoneSimulator.ActiveCfg = Debug|Any CPU
		{2ECB43EF-3418-42EC-960E-0E6BD2FAADEA}.Debug|iPhoneSimulator.Build.0 = Debug|Any CPU
		{2ECB43EF-3418-42EC-960E-0E6BD2FAADEA}.Release|Any CPU.ActiveCfg = Release|Any CPU
		{2ECB43EF-3418-42EC-960E-0E6BD2FAADEA}.Release|Any CPU.Build.0 = Release|Any CPU
		{2ECB43EF-3418-42EC-960E-0E6BD2FAADEA}.Release|iPhone.ActiveCfg = Release|Any CPU
		{2ECB43EF-3418-42EC-960E-0E6BD2FAADEA}.Release|iPhone.Build.0 = Release|Any CPU
		{2ECB43EF-3418-42EC-960E-0E6BD2FAADEA}.Release|iPhoneSimulator.ActiveCfg = Release|Any CPU
		{2ECB43EF-3418-42EC-960E-0E6BD2FAADEA}.Release|iPhoneSimulator.Build.0 = Release|Any CPU
		{F1F7445E-315A-422D-8162-F234F9B4EEC5}.Ad-Hoc|Any CPU.ActiveCfg = Debug|Any CPU
		{F1F7445E-315A-422D-8162-F234F9B4EEC5}.Ad-Hoc|Any CPU.Build.0 = Debug|Any CPU
		{F1F7445E-315A-422D-8162-F234F9B4EEC5}.Ad-Hoc|iPhone.ActiveCfg = Debug|Any CPU
		{F1F7445E-315A-422D-8162-F234F9B4EEC5}.Ad-Hoc|iPhone.Build.0 = Debug|Any CPU
		{F1F7445E-315A-422D-8162-F234F9B4EEC5}.Ad-Hoc|iPhoneSimulator.ActiveCfg = Debug|Any CPU
		{F1F7445E-315A-422D-8162-F234F9B4EEC5}.Ad-Hoc|iPhoneSimulator.Build.0 = Debug|Any CPU
		{F1F7445E-315A-422D-8162-F234F9B4EEC5}.AppStore|Any CPU.ActiveCfg = Debug|Any CPU
		{F1F7445E-315A-422D-8162-F234F9B4EEC5}.AppStore|Any CPU.Build.0 = Debug|Any CPU
		{F1F7445E-315A-422D-8162-F234F9B4EEC5}.AppStore|iPhone.ActiveCfg = Debug|Any CPU
		{F1F7445E-315A-422D-8162-F234F9B4EEC5}.AppStore|iPhone.Build.0 = Debug|Any CPU
		{F1F7445E-315A-422D-8162-F234F9B4EEC5}.AppStore|iPhoneSimulator.ActiveCfg = Debug|Any CPU
		{F1F7445E-315A-422D-8162-F234F9B4EEC5}.AppStore|iPhoneSimulator.Build.0 = Debug|Any CPU
		{F1F7445E-315A-422D-8162-F234F9B4EEC5}.Debug|Any CPU.ActiveCfg = Debug|Any CPU
		{F1F7445E-315A-422D-8162-F234F9B4EEC5}.Debug|Any CPU.Build.0 = Debug|Any CPU
		{F1F7445E-315A-422D-8162-F234F9B4EEC5}.Debug|iPhone.ActiveCfg = Debug|Any CPU
		{F1F7445E-315A-422D-8162-F234F9B4EEC5}.Debug|iPhone.Build.0 = Debug|Any CPU
		{F1F7445E-315A-422D-8162-F234F9B4EEC5}.Debug|iPhoneSimulator.ActiveCfg = Debug|Any CPU
		{F1F7445E-315A-422D-8162-F234F9B4EEC5}.Debug|iPhoneSimulator.Build.0 = Debug|Any CPU
		{F1F7445E-315A-422D-8162-F234F9B4EEC5}.Release|Any CPU.ActiveCfg = Release|Any CPU
		{F1F7445E-315A-422D-8162-F234F9B4EEC5}.Release|Any CPU.Build.0 = Release|Any CPU
		{F1F7445E-315A-422D-8162-F234F9B4EEC5}.Release|iPhone.ActiveCfg = Release|Any CPU
		{F1F7445E-315A-422D-8162-F234F9B4EEC5}.Release|iPhone.Build.0 = Release|Any CPU
		{F1F7445E-315A-422D-8162-F234F9B4EEC5}.Release|iPhoneSimulator.ActiveCfg = Release|Any CPU
		{F1F7445E-315A-422D-8162-F234F9B4EEC5}.Release|iPhoneSimulator.Build.0 = Release|Any CPU
		{BCC49094-19C4-4D76-9C3E-D683E022338E}.Ad-Hoc|Any CPU.ActiveCfg = Debug|Any CPU
		{BCC49094-19C4-4D76-9C3E-D683E022338E}.Ad-Hoc|Any CPU.Build.0 = Debug|Any CPU
		{BCC49094-19C4-4D76-9C3E-D683E022338E}.Ad-Hoc|Any CPU.Deploy.0 = Debug|Any CPU
		{BCC49094-19C4-4D76-9C3E-D683E022338E}.Ad-Hoc|iPhone.ActiveCfg = Debug|Any CPU
		{BCC49094-19C4-4D76-9C3E-D683E022338E}.Ad-Hoc|iPhone.Build.0 = Debug|Any CPU
		{BCC49094-19C4-4D76-9C3E-D683E022338E}.Ad-Hoc|iPhone.Deploy.0 = Debug|Any CPU
		{BCC49094-19C4-4D76-9C3E-D683E022338E}.Ad-Hoc|iPhoneSimulator.ActiveCfg = Debug|Any CPU
		{BCC49094-19C4-4D76-9C3E-D683E022338E}.Ad-Hoc|iPhoneSimulator.Build.0 = Debug|Any CPU
		{BCC49094-19C4-4D76-9C3E-D683E022338E}.Ad-Hoc|iPhoneSimulator.Deploy.0 = Debug|Any CPU
		{BCC49094-19C4-4D76-9C3E-D683E022338E}.AppStore|Any CPU.ActiveCfg = Debug|Any CPU
		{BCC49094-19C4-4D76-9C3E-D683E022338E}.AppStore|Any CPU.Build.0 = Debug|Any CPU
		{BCC49094-19C4-4D76-9C3E-D683E022338E}.AppStore|Any CPU.Deploy.0 = Debug|Any CPU
		{BCC49094-19C4-4D76-9C3E-D683E022338E}.AppStore|iPhone.ActiveCfg = Debug|Any CPU
		{BCC49094-19C4-4D76-9C3E-D683E022338E}.AppStore|iPhone.Build.0 = Debug|Any CPU
		{BCC49094-19C4-4D76-9C3E-D683E022338E}.AppStore|iPhone.Deploy.0 = Debug|Any CPU
		{BCC49094-19C4-4D76-9C3E-D683E022338E}.AppStore|iPhoneSimulator.ActiveCfg = Debug|Any CPU
		{BCC49094-19C4-4D76-9C3E-D683E022338E}.AppStore|iPhoneSimulator.Build.0 = Debug|Any CPU
		{BCC49094-19C4-4D76-9C3E-D683E022338E}.AppStore|iPhoneSimulator.Deploy.0 = Debug|Any CPU
		{BCC49094-19C4-4D76-9C3E-D683E022338E}.Debug|Any CPU.ActiveCfg = Debug|Any CPU
		{BCC49094-19C4-4D76-9C3E-D683E022338E}.Debug|Any CPU.Build.0 = Debug|Any CPU
		{BCC49094-19C4-4D76-9C3E-D683E022338E}.Debug|Any CPU.Deploy.0 = Debug|Any CPU
		{BCC49094-19C4-4D76-9C3E-D683E022338E}.Debug|iPhone.ActiveCfg = Debug|Any CPU
		{BCC49094-19C4-4D76-9C3E-D683E022338E}.Debug|iPhone.Build.0 = Debug|Any CPU
		{BCC49094-19C4-4D76-9C3E-D683E022338E}.Debug|iPhone.Deploy.0 = Debug|Any CPU
		{BCC49094-19C4-4D76-9C3E-D683E022338E}.Debug|iPhoneSimulator.ActiveCfg = Debug|Any CPU
		{BCC49094-19C4-4D76-9C3E-D683E022338E}.Debug|iPhoneSimulator.Build.0 = Debug|Any CPU
		{BCC49094-19C4-4D76-9C3E-D683E022338E}.Debug|iPhoneSimulator.Deploy.0 = Debug|Any CPU
		{BCC49094-19C4-4D76-9C3E-D683E022338E}.Release|Any CPU.ActiveCfg = Release|Any CPU
		{BCC49094-19C4-4D76-9C3E-D683E022338E}.Release|Any CPU.Build.0 = Release|Any CPU
		{BCC49094-19C4-4D76-9C3E-D683E022338E}.Release|Any CPU.Deploy.0 = Release|Any CPU
		{BCC49094-19C4-4D76-9C3E-D683E022338E}.Release|iPhone.ActiveCfg = Release|Any CPU
		{BCC49094-19C4-4D76-9C3E-D683E022338E}.Release|iPhone.Build.0 = Release|Any CPU
		{BCC49094-19C4-4D76-9C3E-D683E022338E}.Release|iPhone.Deploy.0 = Release|Any CPU
		{BCC49094-19C4-4D76-9C3E-D683E022338E}.Release|iPhoneSimulator.ActiveCfg = Release|Any CPU
		{BCC49094-19C4-4D76-9C3E-D683E022338E}.Release|iPhoneSimulator.Build.0 = Release|Any CPU
		{BCC49094-19C4-4D76-9C3E-D683E022338E}.Release|iPhoneSimulator.Deploy.0 = Release|Any CPU
		{90D82FF7-0651-46F8-A982-5A07FD2050D7}.Ad-Hoc|Any CPU.ActiveCfg = Ad-Hoc|iPhoneSimulator
		{90D82FF7-0651-46F8-A982-5A07FD2050D7}.Ad-Hoc|Any CPU.Build.0 = Ad-Hoc|iPhoneSimulator
		{90D82FF7-0651-46F8-A982-5A07FD2050D7}.Ad-Hoc|iPhone.ActiveCfg = Ad-Hoc|iPhone
		{90D82FF7-0651-46F8-A982-5A07FD2050D7}.Ad-Hoc|iPhone.Build.0 = Ad-Hoc|iPhone
		{90D82FF7-0651-46F8-A982-5A07FD2050D7}.Ad-Hoc|iPhoneSimulator.ActiveCfg = Ad-Hoc|iPhoneSimulator
		{90D82FF7-0651-46F8-A982-5A07FD2050D7}.Ad-Hoc|iPhoneSimulator.Build.0 = Ad-Hoc|iPhoneSimulator
		{90D82FF7-0651-46F8-A982-5A07FD2050D7}.AppStore|Any CPU.ActiveCfg = AppStore|iPhoneSimulator
		{90D82FF7-0651-46F8-A982-5A07FD2050D7}.AppStore|Any CPU.Build.0 = AppStore|iPhoneSimulator
		{90D82FF7-0651-46F8-A982-5A07FD2050D7}.AppStore|iPhone.ActiveCfg = AppStore|iPhone
		{90D82FF7-0651-46F8-A982-5A07FD2050D7}.AppStore|iPhone.Build.0 = AppStore|iPhone
		{90D82FF7-0651-46F8-A982-5A07FD2050D7}.AppStore|iPhoneSimulator.ActiveCfg = AppStore|iPhoneSimulator
		{90D82FF7-0651-46F8-A982-5A07FD2050D7}.AppStore|iPhoneSimulator.Build.0 = AppStore|iPhoneSimulator
		{90D82FF7-0651-46F8-A982-5A07FD2050D7}.Debug|Any CPU.ActiveCfg = Debug|iPhoneSimulator
		{90D82FF7-0651-46F8-A982-5A07FD2050D7}.Debug|Any CPU.Build.0 = Debug|iPhoneSimulator
		{90D82FF7-0651-46F8-A982-5A07FD2050D7}.Debug|iPhone.ActiveCfg = Debug|iPhone
		{90D82FF7-0651-46F8-A982-5A07FD2050D7}.Debug|iPhone.Build.0 = Debug|iPhone
		{90D82FF7-0651-46F8-A982-5A07FD2050D7}.Debug|iPhoneSimulator.ActiveCfg = Debug|iPhoneSimulator
		{90D82FF7-0651-46F8-A982-5A07FD2050D7}.Debug|iPhoneSimulator.Build.0 = Debug|iPhoneSimulator
		{90D82FF7-0651-46F8-A982-5A07FD2050D7}.Release|Any CPU.ActiveCfg = Release|iPhoneSimulator
		{90D82FF7-0651-46F8-A982-5A07FD2050D7}.Release|Any CPU.Build.0 = Release|iPhoneSimulator
		{90D82FF7-0651-46F8-A982-5A07FD2050D7}.Release|iPhone.ActiveCfg = Release|iPhone
		{90D82FF7-0651-46F8-A982-5A07FD2050D7}.Release|iPhone.Build.0 = Release|iPhone
		{90D82FF7-0651-46F8-A982-5A07FD2050D7}.Release|iPhoneSimulator.ActiveCfg = Release|iPhoneSimulator
		{90D82FF7-0651-46F8-A982-5A07FD2050D7}.Release|iPhoneSimulator.Build.0 = Release|iPhoneSimulator
	EndGlobalSection
	GlobalSection(SolutionProperties) = preSolution
		HideSolutionNode = FALSE
	EndGlobalSection
	GlobalSection(ExtensibilityGlobals) = postSolution
		SolutionGuid = {4D5EFBD5-79C2-4C74-9E61-DFD34ED8804A}
	EndGlobalSection
EndGlobal
